
Microsoft Visual Studio Solution File, Format Version 12.00
# Visual Studio Version 16
VisualStudioVersion = 16.0.29613.14
MinimumVisualStudioVersion = 10.0.40219.1
Project("{FAE04EC0-301F-11D3-BF4B-00C04F79EFBC}") = "70 A Custom Search Method", "70 A Custom Search Method.csproj", "{7F4FCC2D-3D37-4027-8D88-D9B9D7D13260}"
EndProject
Global
	GlobalSection(SolutionConfigurationPlatforms) = preSolution
		Debug|Any CPU = Debug|Any CPU
		Release|Any CPU = Release|Any CPU
	EndGlobalSection
	GlobalSection(ProjectConfigurationPlatforms) = postSolution
		{7F4FCC2D-3D37-4027-8D88-D9B9D7D13260}.Debug|Any CPU.ActiveCfg = Debug|Any CPU
		{7F4FCC2D-3D37-4027-8D88-D9B9D7D13260}.Debug|Any CPU.Build.0 = Debug|Any CPU
		{7F4FCC2D-3D37-4027-8D88-D9B9D7D13260}.Release|Any CPU.ActiveCfg = Release|Any CPU
		{7F4FCC2D-3D37-4027-8D88-D9B9D7D13260}.Release|Any CPU.Build.0 = Release|Any CPU
	EndGlobalSection
	GlobalSection(SolutionProperties) = preSolution
		HideSolutionNode = FALSE
	EndGlobalSection
	GlobalSection(ExtensibilityGlobals) = postSolution
		SolutionGuid = {F615A01A-45DB-4A1E-9DB0-2373D999ABA4}
	EndGlobalSection
EndGlobal
